// !$*UTF8*$!
{
	archiveVersion = 1;
	classes = {
	};
	objectVersion = 55;
	objects = {

/* Begin PBXBuildFile section */
		BB1E929F27A6457B006DAAFB /* CreateNewMessageViewModel.swift in Sources */ = {isa = PBXBuildFile; fileRef = BB1E929E27A6457B006DAAFB /* CreateNewMessageViewModel.swift */; };
		BB1E92A127A64FDA006DAAFB /* CreateNewMessageView+UI.swift in Sources */ = {isa = PBXBuildFile; fileRef = BB1E92A027A64FDA006DAAFB /* CreateNewMessageView+UI.swift */; };
		BB1E92A327A66829006DAAFB /* ChatLogViewModel.swift in Sources */ = {isa = PBXBuildFile; fileRef = BB1E92A227A66829006DAAFB /* ChatLogViewModel.swift */; };
		BB70D2BB279C537800F7DB0A /* ChitChatApp.swift in Sources */ = {isa = PBXBuildFile; fileRef = BB70D2BA279C537800F7DB0A /* ChitChatApp.swift */; };
		BB70D2BD279C537800F7DB0A /* LoginView.swift in Sources */ = {isa = PBXBuildFile; fileRef = BB70D2BC279C537800F7DB0A /* LoginView.swift */; };
		BB70D2BF279C537A00F7DB0A /* Assets.xcassets in Resources */ = {isa = PBXBuildFile; fileRef = BB70D2BE279C537A00F7DB0A /* Assets.xcassets */; };
		BB70D2C2279C537A00F7DB0A /* Preview Assets.xcassets in Resources */ = {isa = PBXBuildFile; fileRef = BB70D2C1279C537A00F7DB0A /* Preview Assets.xcassets */; };
		BB70D2CC279C537B00F7DB0A /* ChitChatTests.swift in Sources */ = {isa = PBXBuildFile; fileRef = BB70D2CB279C537B00F7DB0A /* ChitChatTests.swift */; };
		BB70D2D6279C537B00F7DB0A /* ChitChatUITests.swift in Sources */ = {isa = PBXBuildFile; fileRef = BB70D2D5279C537B00F7DB0A /* ChitChatUITests.swift */; };
		BB70D2D8279C537B00F7DB0A /* ChitChatUITestsLaunchTests.swift in Sources */ = {isa = PBXBuildFile; fileRef = BB70D2D7279C537B00F7DB0A /* ChitChatUITestsLaunchTests.swift */; };
		BB70D2E5279C5BC600F7DB0A /* CaptureImageView.swift in Sources */ = {isa = PBXBuildFile; fileRef = BB70D2E4279C5BC600F7DB0A /* CaptureImageView.swift */; };
		BB70D2E7279C5C1800F7DB0A /* AnnCoordinator.swift in Sources */ = {isa = PBXBuildFile; fileRef = BB70D2E6279C5C1800F7DB0A /* AnnCoordinator.swift */; };
		BB70D2E9279C61CD00F7DB0A /* GoogleService-Info.plist in Resources */ = {isa = PBXBuildFile; fileRef = BB70D2E8279C61CD00F7DB0A /* GoogleService-Info.plist */; };
		BB70D2EC279C631400F7DB0A /* FirebaseAuth in Frameworks */ = {isa = PBXBuildFile; productRef = BB70D2EB279C631400F7DB0A /* FirebaseAuth */; };
		BB70D2EE279C631400F7DB0A /* FirebaseFirestore in Frameworks */ = {isa = PBXBuildFile; productRef = BB70D2ED279C631400F7DB0A /* FirebaseFirestore */; };
		BB70D2F0279C631400F7DB0A /* FirebaseFirestoreSwift-Beta in Frameworks */ = {isa = PBXBuildFile; productRef = BB70D2EF279C631400F7DB0A /* FirebaseFirestoreSwift-Beta */; };
		BB70D2F2279C631400F7DB0A /* FirebaseStorage in Frameworks */ = {isa = PBXBuildFile; productRef = BB70D2F1279C631400F7DB0A /* FirebaseStorage */; };
		BB70D2F4279D941800F7DB0A /* LoginView+UI.swift in Sources */ = {isa = PBXBuildFile; fileRef = BB70D2F3279D941800F7DB0A /* LoginView+UI.swift */; };
		BB70D2F6279DAA3300F7DB0A /* FirebaseManager.swift in Sources */ = {isa = PBXBuildFile; fileRef = BB70D2F5279DAA3300F7DB0A /* FirebaseManager.swift */; };
		BB70D2F8279DADE600F7DB0A /* MainChatView.swift in Sources */ = {isa = PBXBuildFile; fileRef = BB70D2F7279DADE600F7DB0A /* MainChatView.swift */; };
		BB70D2FD279DB19100F7DB0A /* SDWebImageSwiftUI in Frameworks */ = {isa = PBXBuildFile; productRef = BB70D2FC279DB19100F7DB0A /* SDWebImageSwiftUI */; };
		BB70D2FF279F0D4A00F7DB0A /* MainChatView+UI.swift in Sources */ = {isa = PBXBuildFile; fileRef = BB70D2FE279F0D4A00F7DB0A /* MainChatView+UI.swift */; };
		BB70D301279F100C00F7DB0A /* CreateNewMessageView.swift in Sources */ = {isa = PBXBuildFile; fileRef = BB70D300279F100C00F7DB0A /* CreateNewMessageView.swift */; };
		BB70D303279F18F800F7DB0A /* ChatLogView.swift in Sources */ = {isa = PBXBuildFile; fileRef = BB70D302279F18F800F7DB0A /* ChatLogView.swift */; };
		BB70D30527A0690800F7DB0A /* MainChatViewModel.swift in Sources */ = {isa = PBXBuildFile; fileRef = BB70D30427A0690700F7DB0A /* MainChatViewModel.swift */; };
/* End PBXBuildFile section */

/* Begin PBXContainerItemProxy section */
		BB70D2C8279C537B00F7DB0A /* PBXContainerItemProxy */ = {
			isa = PBXContainerItemProxy;
			containerPortal = BB70D2AF279C537800F7DB0A /* Project object */;
			proxyType = 1;
			remoteGlobalIDString = BB70D2B6279C537800F7DB0A;
			remoteInfo = ChitChat;
		};
		BB70D2D2279C537B00F7DB0A /* PBXContainerItemProxy */ = {
			isa = PBXContainerItemProxy;
			containerPortal = BB70D2AF279C537800F7DB0A /* Project object */;
			proxyType = 1;
			remoteGlobalIDString = BB70D2B6279C537800F7DB0A;
			remoteInfo = ChitChat;
		};
/* End PBXContainerItemProxy section */

/* Begin PBXFileReference section */
		BB1E929E27A6457B006DAAFB /* CreateNewMessageViewModel.swift */ = {isa = PBXFileReference; lastKnownFileType = sourcecode.swift; path = CreateNewMessageViewModel.swift; sourceTree = "<group>"; };
		BB1E92A027A64FDA006DAAFB /* CreateNewMessageView+UI.swift */ = {isa = PBXFileReference; lastKnownFileType = sourcecode.swift; path = "CreateNewMessageView+UI.swift"; sourceTree = "<group>"; };
		BB1E92A227A66829006DAAFB /* ChatLogViewModel.swift */ = {isa = PBXFileReference; lastKnownFileType = sourcecode.swift; path = ChatLogViewModel.swift; sourceTree = "<group>"; };
		BB70D2B7279C537800F7DB0A /* ChitChat.app */ = {isa = PBXFileReference; explicitFileType = wrapper.application; includeInIndex = 0; path = ChitChat.app; sourceTree = BUILT_PRODUCTS_DIR; };
		BB70D2BA279C537800F7DB0A /* ChitChatApp.swift */ = {isa = PBXFileReference; lastKnownFileType = sourcecode.swift; path = ChitChatApp.swift; sourceTree = "<group>"; };
		BB70D2BC279C537800F7DB0A /* LoginView.swift */ = {isa = PBXFileReference; lastKnownFileType = sourcecode.swift; path = LoginView.swift; sourceTree = "<group>"; };
		BB70D2BE279C537A00F7DB0A /* Assets.xcassets */ = {isa = PBXFileReference; lastKnownFileType = folder.assetcatalog; path = Assets.xcassets; sourceTree = "<group>"; };
		BB70D2C1279C537A00F7DB0A /* Preview Assets.xcassets */ = {isa = PBXFileReference; lastKnownFileType = folder.assetcatalog; path = "Preview Assets.xcassets"; sourceTree = "<group>"; };
		BB70D2C7279C537B00F7DB0A /* ChitChatTests.xctest */ = {isa = PBXFileReference; explicitFileType = wrapper.cfbundle; includeInIndex = 0; path = ChitChatTests.xctest; sourceTree = BUILT_PRODUCTS_DIR; };
		BB70D2CB279C537B00F7DB0A /* ChitChatTests.swift */ = {isa = PBXFileReference; lastKnownFileType = sourcecode.swift; path = ChitChatTests.swift; sourceTree = "<group>"; };
		BB70D2D1279C537B00F7DB0A /* ChitChatUITests.xctest */ = {isa = PBXFileReference; explicitFileType = wrapper.cfbundle; includeInIndex = 0; path = ChitChatUITests.xctest; sourceTree = BUILT_PRODUCTS_DIR; };
		BB70D2D5279C537B00F7DB0A /* ChitChatUITests.swift */ = {isa = PBXFileReference; lastKnownFileType = sourcecode.swift; path = ChitChatUITests.swift; sourceTree = "<group>"; };
		BB70D2D7279C537B00F7DB0A /* ChitChatUITestsLaunchTests.swift */ = {isa = PBXFileReference; lastKnownFileType = sourcecode.swift; path = ChitChatUITestsLaunchTests.swift; sourceTree = "<group>"; };
		BB70D2E4279C5BC600F7DB0A /* CaptureImageView.swift */ = {isa = PBXFileReference; lastKnownFileType = sourcecode.swift; path = CaptureImageView.swift; sourceTree = "<group>"; };
		BB70D2E6279C5C1800F7DB0A /* AnnCoordinator.swift */ = {isa = PBXFileReference; lastKnownFileType = sourcecode.swift; path = AnnCoordinator.swift; sourceTree = "<group>"; };
		BB70D2E8279C61CD00F7DB0A /* GoogleService-Info.plist */ = {isa = PBXFileReference; fileEncoding = 4; lastKnownFileType = text.plist.xml; path = "GoogleService-Info.plist"; sourceTree = "<group>"; };
		BB70D2F3279D941800F7DB0A /* LoginView+UI.swift */ = {isa = PBXFileReference; lastKnownFileType = sourcecode.swift; path = "LoginView+UI.swift"; sourceTree = "<group>"; };
		BB70D2F5279DAA3300F7DB0A /* FirebaseManager.swift */ = {isa = PBXFileReference; lastKnownFileType = sourcecode.swift; path = FirebaseManager.swift; sourceTree = "<group>"; };
		BB70D2F7279DADE600F7DB0A /* MainChatView.swift */ = {isa = PBXFileReference; lastKnownFileType = sourcecode.swift; path = MainChatView.swift; sourceTree = "<group>"; };
		BB70D2FE279F0D4A00F7DB0A /* MainChatView+UI.swift */ = {isa = PBXFileReference; lastKnownFileType = sourcecode.swift; path = "MainChatView+UI.swift"; sourceTree = "<group>"; };
		BB70D300279F100C00F7DB0A /* CreateNewMessageView.swift */ = {isa = PBXFileReference; lastKnownFileType = sourcecode.swift; path = CreateNewMessageView.swift; sourceTree = "<group>"; };
		BB70D302279F18F800F7DB0A /* ChatLogView.swift */ = {isa = PBXFileReference; lastKnownFileType = sourcecode.swift; path = ChatLogView.swift; sourceTree = "<group>"; };
		BB70D30427A0690700F7DB0A /* MainChatViewModel.swift */ = {isa = PBXFileReference; lastKnownFileType = sourcecode.swift; path = MainChatViewModel.swift; sourceTree = "<group>"; };
/* End PBXFileReference section */

/* Begin PBXFrameworksBuildPhase section */
		BB70D2B4279C537800F7DB0A /* Frameworks */ = {
			isa = PBXFrameworksBuildPhase;
			buildActionMask = 2147483647;
			files = (
				BB70D2FD279DB19100F7DB0A /* SDWebImageSwiftUI in Frameworks */,
				BB70D2F0279C631400F7DB0A /* FirebaseFirestoreSwift-Beta in Frameworks */,
				BB70D2F2279C631400F7DB0A /* FirebaseStorage in Frameworks */,
				BB70D2EC279C631400F7DB0A /* FirebaseAuth in Frameworks */,
				BB70D2EE279C631400F7DB0A /* FirebaseFirestore in Frameworks */,
			);
			runOnlyForDeploymentPostprocessing = 0;
		};
		BB70D2C4279C537B00F7DB0A /* Frameworks */ = {
			isa = PBXFrameworksBuildPhase;
			buildActionMask = 2147483647;
			files = (
			);
			runOnlyForDeploymentPostprocessing = 0;
		};
		BB70D2CE279C537B00F7DB0A /* Frameworks */ = {
			isa = PBXFrameworksBuildPhase;
			buildActionMask = 2147483647;
			files = (
			);
			runOnlyForDeploymentPostprocessing = 0;
		};
/* End PBXFrameworksBuildPhase section */

/* Begin PBXGroup section */
		BB70D2AE279C537800F7DB0A = {
			isa = PBXGroup;
			children = (
				BB70D2B9279C537800F7DB0A /* ChitChat */,
				BB70D2CA279C537B00F7DB0A /* ChitChatTests */,
				BB70D2D4279C537B00F7DB0A /* ChitChatUITests */,
				BB70D2B8279C537800F7DB0A /* Products */,
			);
			sourceTree = "<group>";
		};
		BB70D2B8279C537800F7DB0A /* Products */ = {
			isa = PBXGroup;
			children = (
				BB70D2B7279C537800F7DB0A /* ChitChat.app */,
				BB70D2C7279C537B00F7DB0A /* ChitChatTests.xctest */,
				BB70D2D1279C537B00F7DB0A /* ChitChatUITests.xctest */,
			);
			name = Products;
			sourceTree = "<group>";
		};
		BB70D2B9279C537800F7DB0A /* ChitChat */ = {
			isa = PBXGroup;
			children = (
				BB70D2BA279C537800F7DB0A /* ChitChatApp.swift */,
				BB70D2BC279C537800F7DB0A /* LoginView.swift */,
				BB70D2F3279D941800F7DB0A /* LoginView+UI.swift */,
				BB70D2F7279DADE600F7DB0A /* MainChatView.swift */,
				BB1E929E27A6457B006DAAFB /* CreateNewMessageViewModel.swift */,
				BB70D2FE279F0D4A00F7DB0A /* MainChatView+UI.swift */,
				BB70D302279F18F800F7DB0A /* ChatLogView.swift */,
				BB1E92A027A64FDA006DAAFB /* CreateNewMessageView+UI.swift */,
				BB70D300279F100C00F7DB0A /* CreateNewMessageView.swift */,
				BB1E92A227A66829006DAAFB /* ChatLogViewModel.swift */,
				BB70D30427A0690700F7DB0A /* MainChatViewModel.swift */,
				BB70D2BE279C537A00F7DB0A /* Assets.xcassets */,
				BB70D2E4279C5BC600F7DB0A /* CaptureImageView.swift */,
				BB70D2F5279DAA3300F7DB0A /* FirebaseManager.swift */,
				BB70D2E6279C5C1800F7DB0A /* AnnCoordinator.swift */,
				BB70D2E8279C61CD00F7DB0A /* GoogleService-Info.plist */,
				BB70D2C0279C537A00F7DB0A /* Preview Content */,
			);
			path = ChitChat;
			sourceTree = "<group>";
		};
		BB70D2C0279C537A00F7DB0A /* Preview Content */ = {
			isa = PBXGroup;
			children = (
				BB70D2C1279C537A00F7DB0A /* Preview Assets.xcassets */,
			);
			path = "Preview Content";
			sourceTree = "<group>";
		};
		BB70D2CA279C537B00F7DB0A /* ChitChatTests */ = {
			isa = PBXGroup;
			children = (
				BB70D2CB279C537B00F7DB0A /* ChitChatTests.swift */,
			);
			path = ChitChatTests;
			sourceTree = "<group>";
		};
		BB70D2D4279C537B00F7DB0A /* ChitChatUITests */ = {
			isa = PBXGroup;
			children = (
				BB70D2D5279C537B00F7DB0A /* ChitChatUITests.swift */,
				BB70D2D7279C537B00F7DB0A /* ChitChatUITestsLaunchTests.swift */,
			);
			path = ChitChatUITests;
			sourceTree = "<group>";
		};
/* End PBXGroup section */

/* Begin PBXNativeTarget section */
		BB70D2B6279C537800F7DB0A /* ChitChat */ = {
			isa = PBXNativeTarget;
			buildConfigurationList = BB70D2DB279C537B00F7DB0A /* Build configuration list for PBXNativeTarget "ChitChat" */;
			buildPhases = (
				BB70D2B3279C537800F7DB0A /* Sources */,
				BB70D2B4279C537800F7DB0A /* Frameworks */,
				BB70D2B5279C537800F7DB0A /* Resources */,
			);
			buildRules = (
			);
			dependencies = (
			);
			name = ChitChat;
			packageProductDependencies = (
				BB70D2EB279C631400F7DB0A /* FirebaseAuth */,
				BB70D2ED279C631400F7DB0A /* FirebaseFirestore */,
				BB70D2EF279C631400F7DB0A /* FirebaseFirestoreSwift-Beta */,
				BB70D2F1279C631400F7DB0A /* FirebaseStorage */,
				BB70D2FC279DB19100F7DB0A /* SDWebImageSwiftUI */,
			);
			productName = ChitChat;
			productReference = BB70D2B7279C537800F7DB0A /* ChitChat.app */;
			productType = "com.apple.product-type.application";
		};
		BB70D2C6279C537B00F7DB0A /* ChitChatTests */ = {
			isa = PBXNativeTarget;
			buildConfigurationList = BB70D2DE279C537B00F7DB0A /* Build configuration list for PBXNativeTarget "ChitChatTests" */;
			buildPhases = (
				BB70D2C3279C537B00F7DB0A /* Sources */,
				BB70D2C4279C537B00F7DB0A /* Frameworks */,
				BB70D2C5279C537B00F7DB0A /* Resources */,
			);
			buildRules = (
			);
			dependencies = (
				BB70D2C9279C537B00F7DB0A /* PBXTargetDependency */,
			);
			name = ChitChatTests;
			productName = ChitChatTests;
			productReference = BB70D2C7279C537B00F7DB0A /* ChitChatTests.xctest */;
			productType = "com.apple.product-type.bundle.unit-test";
		};
		BB70D2D0279C537B00F7DB0A /* ChitChatUITests */ = {
			isa = PBXNativeTarget;
			buildConfigurationList = BB70D2E1279C537B00F7DB0A /* Build configuration list for PBXNativeTarget "ChitChatUITests" */;
			buildPhases = (
				BB70D2CD279C537B00F7DB0A /* Sources */,
				BB70D2CE279C537B00F7DB0A /* Frameworks */,
				BB70D2CF279C537B00F7DB0A /* Resources */,
			);
			buildRules = (
			);
			dependencies = (
				BB70D2D3279C537B00F7DB0A /* PBXTargetDependency */,
			);
			name = ChitChatUITests;
			productName = ChitChatUITests;
			productReference = BB70D2D1279C537B00F7DB0A /* ChitChatUITests.xctest */;
			productType = "com.apple.product-type.bundle.ui-testing";
		};
/* End PBXNativeTarget section */

/* Begin PBXProject section */
		BB70D2AF279C537800F7DB0A /* Project object */ = {
			isa = PBXProject;
			attributes = {
				BuildIndependentTargetsInParallel = 1;
				LastSwiftUpdateCheck = 1320;
				LastUpgradeCheck = 1320;
				TargetAttributes = {
					BB70D2B6279C537800F7DB0A = {
						CreatedOnToolsVersion = 13.2.1;
					};
					BB70D2C6279C537B00F7DB0A = {
						CreatedOnToolsVersion = 13.2.1;
						TestTargetID = BB70D2B6279C537800F7DB0A;
					};
					BB70D2D0279C537B00F7DB0A = {
						CreatedOnToolsVersion = 13.2.1;
						TestTargetID = BB70D2B6279C537800F7DB0A;
					};
				};
			};
			buildConfigurationList = BB70D2B2279C537800F7DB0A /* Build configuration list for PBXProject "ChitChat" */;
			compatibilityVersion = "Xcode 13.0";
			developmentRegion = en;
			hasScannedForEncodings = 0;
			knownRegions = (
				en,
				Base,
			);
			mainGroup = BB70D2AE279C537800F7DB0A;
			packageReferences = (
				BB70D2EA279C631400F7DB0A /* XCRemoteSwiftPackageReference "firebase-ios-sdk" */,
				BB70D2FB279DB19100F7DB0A /* XCRemoteSwiftPackageReference "SDWebImageSwiftUI" */,
			);
			productRefGroup = BB70D2B8279C537800F7DB0A /* Products */;
			projectDirPath = "";
			projectRoot = "";
			targets = (
				BB70D2B6279C537800F7DB0A /* ChitChat */,
				BB70D2C6279C537B00F7DB0A /* ChitChatTests */,
				BB70D2D0279C537B00F7DB0A /* ChitChatUITests */,
			);
		};
/* End PBXProject section */

/* Begin PBXResourcesBuildPhase section */
		BB70D2B5279C537800F7DB0A /* Resources */ = {
			isa = PBXResourcesBuildPhase;
			buildActionMask = 2147483647;
			files = (
				BB70D2C2279C537A00F7DB0A /* Preview Assets.xcassets in Resources */,
				BB70D2BF279C537A00F7DB0A /* Assets.xcassets in Resources */,
				BB70D2E9279C61CD00F7DB0A /* GoogleService-Info.plist in Resources */,
			);
			runOnlyForDeploymentPostprocessing = 0;
		};
		BB70D2C5279C537B00F7DB0A /* Resources */ = {
			isa = PBXResourcesBuildPhase;
			buildActionMask = 2147483647;
			files = (
			);
			runOnlyForDeploymentPostprocessing = 0;
		};
		BB70D2CF279C537B00F7DB0A /* Resources */ = {
			isa = PBXResourcesBuildPhase;
			buildActionMask = 2147483647;
			files = (
			);
			runOnlyForDeploymentPostprocessing = 0;
		};
/* End PBXResourcesBuildPhase section */

/* Begin PBXSourcesBuildPhase section */
		BB70D2B3279C537800F7DB0A /* Sources */ = {
			isa = PBXSourcesBuildPhase;
			buildActionMask = 2147483647;
			files = (
				BB70D2F6279DAA3300F7DB0A /* FirebaseManager.swift in Sources */,
				BB1E929F27A6457B006DAAFB /* CreateNewMessageViewModel.swift in Sources */,
				BB70D303279F18F800F7DB0A /* ChatLogView.swift in Sources */,
				BB70D2FF279F0D4A00F7DB0A /* MainChatView+UI.swift in Sources */,
				BB70D2F4279D941800F7DB0A /* LoginView+UI.swift in Sources */,
				BB1E92A127A64FDA006DAAFB /* CreateNewMessageView+UI.swift in Sources */,
				BB70D30527A0690800F7DB0A /* MainChatViewModel.swift in Sources */,
				BB70D2E7279C5C1800F7DB0A /* AnnCoordinator.swift in Sources */,
				BB70D2BD279C537800F7DB0A /* LoginView.swift in Sources */,
				BB70D2BB279C537800F7DB0A /* ChitChatApp.swift in Sources */,
				BB70D301279F100C00F7DB0A /* CreateNewMessageView.swift in Sources */,
				BB1E92A327A66829006DAAFB /* ChatLogViewModel.swift in Sources */,
				BB70D2F8279DADE600F7DB0A /* MainChatView.swift in Sources */,
				BB70D2E5279C5BC600F7DB0A /* CaptureImageView.swift in Sources */,
			);
			runOnlyForDeploymentPostprocessing = 0;
		};
		BB70D2C3279C537B00F7DB0A /* Sources */ = {
			isa = PBXSourcesBuildPhase;
			buildActionMask = 2147483647;
			files = (
				BB70D2CC279C537B00F7DB0A /* ChitChatTests.swift in Sources */,
			);
			runOnlyForDeploymentPostprocessing = 0;
		};
		BB70D2CD279C537B00F7DB0A /* Sources */ = {
			isa = PBXSourcesBuildPhase;
			buildActionMask = 2147483647;
			files = (
				BB70D2D8279C537B00F7DB0A /* ChitChatUITestsLaunchTests.swift in Sources */,
				BB70D2D6279C537B00F7DB0A /* ChitChatUITests.swift in Sources */,
			);
			runOnlyForDeploymentPostprocessing = 0;
		};
/* End PBXSourcesBuildPhase section */

/* Begin PBXTargetDependency section */
		BB70D2C9279C537B00F7DB0A /* PBXTargetDependency */ = {
			isa = PBXTargetDependency;
			target = BB70D2B6279C537800F7DB0A /* ChitChat */;
			targetProxy = BB70D2C8279C537B00F7DB0A /* PBXContainerItemProxy */;
		};
		BB70D2D3279C537B00F7DB0A /* PBXTargetDependency */ = {
			isa = PBXTargetDependency;
			target = BB70D2B6279C537800F7DB0A /* ChitChat */;
			targetProxy = BB70D2D2279C537B00F7DB0A /* PBXContainerItemProxy */;
		};
/* End PBXTargetDependency section */

/* Begin XCBuildConfiguration section */
		BB70D2D9279C537B00F7DB0A /* Debug */ = {
			isa = XCBuildConfiguration;
			buildSettings = {
				ALWAYS_SEARCH_USER_PATHS = NO;
				CLANG_ANALYZER_NONNULL = YES;
				CLANG_ANALYZER_NUMBER_OBJECT_CONVERSION = YES_AGGRESSIVE;
				CLANG_CXX_LANGUAGE_STANDARD = "gnu++17";
				CLANG_CXX_LIBRARY = "libc++";
				CLANG_ENABLE_MODULES = YES;
				CLANG_ENABLE_OBJC_ARC = YES;
				CLANG_ENABLE_OBJC_WEAK = YES;
				CLANG_WARN_BLOCK_CAPTURE_AUTORELEASING = YES;
				CLANG_WARN_BOOL_CONVERSION = YES;
				CLANG_WARN_COMMA = YES;
				CLANG_WARN_CONSTANT_CONVERSION = YES;
				CLANG_WARN_DEPRECATED_OBJC_IMPLEMENTATIONS = YES;
				CLANG_WARN_DIRECT_OBJC_ISA_USAGE = YES_ERROR;
				CLANG_WARN_DOCUMENTATION_COMMENTS = YES;
				CLANG_WARN_EMPTY_BODY = YES;
				CLANG_WARN_ENUM_CONVERSION = YES;
				CLANG_WARN_INFINITE_RECURSION = YES;
				CLANG_WARN_INT_CONVERSION = YES;
				CLANG_WARN_NON_LITERAL_NULL_CONVERSION = YES;
				CLANG_WARN_OBJC_IMPLICIT_RETAIN_SELF = YES;
				CLANG_WARN_OBJC_LITERAL_CONVERSION = YES;
				CLANG_WARN_OBJC_ROOT_CLASS = YES_ERROR;
				CLANG_WARN_QUOTED_INCLUDE_IN_FRAMEWORK_HEADER = YES;
				CLANG_WARN_RANGE_LOOP_ANALYSIS = YES;
				CLANG_WARN_STRICT_PROTOTYPES = YES;
				CLANG_WARN_SUSPICIOUS_MOVE = YES;
				CLANG_WARN_UNGUARDED_AVAILABILITY = YES_AGGRESSIVE;
				CLANG_WARN_UNREACHABLE_CODE = YES;
				CLANG_WARN__DUPLICATE_METHOD_MATCH = YES;
				COPY_PHASE_STRIP = NO;
				DEBUG_INFORMATION_FORMAT = dwarf;
				ENABLE_STRICT_OBJC_MSGSEND = YES;
				ENABLE_TESTABILITY = YES;
				GCC_C_LANGUAGE_STANDARD = gnu11;
				GCC_DYNAMIC_NO_PIC = NO;
				GCC_NO_COMMON_BLOCKS = YES;
				GCC_OPTIMIZATION_LEVEL = 0;
				GCC_PREPROCESSOR_DEFINITIONS = (
					"DEBUG=1",
					"$(inherited)",
				);
				GCC_WARN_64_TO_32_BIT_CONVERSION = YES;
				GCC_WARN_ABOUT_RETURN_TYPE = YES_ERROR;
				GCC_WARN_UNDECLARED_SELECTOR = YES;
				GCC_WARN_UNINITIALIZED_AUTOS = YES_AGGRESSIVE;
				GCC_WARN_UNUSED_FUNCTION = YES;
				GCC_WARN_UNUSED_VARIABLE = YES;
				IPHONEOS_DEPLOYMENT_TARGET = 15.2;
				MTL_ENABLE_DEBUG_INFO = INCLUDE_SOURCE;
				MTL_FAST_MATH = YES;
				ONLY_ACTIVE_ARCH = YES;
				SDKROOT = iphoneos;
				SWIFT_ACTIVE_COMPILATION_CONDITIONS = DEBUG;
				SWIFT_OPTIMIZATION_LEVEL = "-Onone";
			};
			name = Debug;
		};
		BB70D2DA279C537B00F7DB0A /* Release */ = {
			isa = XCBuildConfiguration;
			buildSettings = {
				ALWAYS_SEARCH_USER_PATHS = NO;
				CLANG_ANALYZER_NONNULL = YES;
				CLANG_ANALYZER_NUMBER_OBJECT_CONVERSION = YES_AGGRESSIVE;
				CLANG_CXX_LANGUAGE_STANDARD = "gnu++17";
				CLANG_CXX_LIBRARY = "libc++";
				CLANG_ENABLE_MODULES = YES;
				CLANG_ENABLE_OBJC_ARC = YES;
				CLANG_ENABLE_OBJC_WEAK = YES;
				CLANG_WARN_BLOCK_CAPTURE_AUTORELEASING = YES;
				CLANG_WARN_BOOL_CONVERSION = YES;
				CLANG_WARN_COMMA = YES;
				CLANG_WARN_CONSTANT_CONVERSION = YES;
				CLANG_WARN_DEPRECATED_OBJC_IMPLEMENTATIONS = YES;
				CLANG_WARN_DIRECT_OBJC_ISA_USAGE = YES_ERROR;
				CLANG_WARN_DOCUMENTATION_COMMENTS = YES;
				CLANG_WARN_EMPTY_BODY = YES;
				CLANG_WARN_ENUM_CONVERSION = YES;
				CLANG_WARN_INFINITE_RECURSION = YES;
				CLANG_WARN_INT_CONVERSION = YES;
				CLANG_WARN_NON_LITERAL_NULL_CONVERSION = YES;
				CLANG_WARN_OBJC_IMPLICIT_RETAIN_SELF = YES;
				CLANG_WARN_OBJC_LITERAL_CONVERSION = YES;
				CLANG_WARN_OBJC_ROOT_CLASS = YES_ERROR;
				CLANG_WARN_QUOTED_INCLUDE_IN_FRAMEWORK_HEADER = YES;
				CLANG_WARN_RANGE_LOOP_ANALYSIS = YES;
				CLANG_WARN_STRICT_PROTOTYPES = YES;
				CLANG_WARN_SUSPICIOUS_MOVE = YES;
				CLANG_WARN_UNGUARDED_AVAILABILITY = YES_AGGRESSIVE;
				CLANG_WARN_UNREACHABLE_CODE = YES;
				CLANG_WARN__DUPLICATE_METHOD_MATCH = YES;
				COPY_PHASE_STRIP = NO;
				DEBUG_INFORMATION_FORMAT = "dwarf-with-dsym";
				ENABLE_NS_ASSERTIONS = NO;
				ENABLE_STRICT_OBJC_MSGSEND = YES;
				GCC_C_LANGUAGE_STANDARD = gnu11;
				GCC_NO_COMMON_BLOCKS = YES;
				GCC_WARN_64_TO_32_BIT_CONVERSION = YES;
				GCC_WARN_ABOUT_RETURN_TYPE = YES_ERROR;
				GCC_WARN_UNDECLARED_SELECTOR = YES;
				GCC_WARN_UNINITIALIZED_AUTOS = YES_AGGRESSIVE;
				GCC_WARN_UNUSED_FUNCTION = YES;
				GCC_WARN_UNUSED_VARIABLE = YES;
				IPHONEOS_DEPLOYMENT_TARGET = 15.2;
				MTL_ENABLE_DEBUG_INFO = NO;
				MTL_FAST_MATH = YES;
				SDKROOT = iphoneos;
				SWIFT_COMPILATION_MODE = wholemodule;
				SWIFT_OPTIMIZATION_LEVEL = "-O";
				VALIDATE_PRODUCT = YES;
			};
			name = Release;
		};
		BB70D2DC279C537B00F7DB0A /* Debug */ = {
			isa = XCBuildConfiguration;
			buildSettings = {
				ASSETCATALOG_COMPILER_APPICON_NAME = AppIcon;
				ASSETCATALOG_COMPILER_GLOBAL_ACCENT_COLOR_NAME = AccentColor;
				CODE_SIGN_STYLE = Automatic;
				CURRENT_PROJECT_VERSION = 1;
				DEVELOPMENT_ASSET_PATHS = "\"ChitChat/Preview Content\"";
				DEVELOPMENT_TEAM = K9N3ERF77J;
				ENABLE_PREVIEWS = YES;
				GENERATE_INFOPLIST_FILE = YES;
				INFOPLIST_KEY_UIApplicationSceneManifest_Generation = YES;
				INFOPLIST_KEY_UIApplicationSupportsIndirectInputEvents = YES;
				INFOPLIST_KEY_UILaunchScreen_Generation = YES;
				INFOPLIST_KEY_UISupportedInterfaceOrientations_iPad = "UIInterfaceOrientationPortrait UIInterfaceOrientationPortraitUpsideDown UIInterfaceOrientationLandscapeLeft UIInterfaceOrientationLandscapeRight";
				INFOPLIST_KEY_UISupportedInterfaceOrientations_iPhone = "UIInterfaceOrientationPortrait UIInterfaceOrientationLandscapeLeft UIInterfaceOrientationLandscapeRight";
				LD_RUNPATH_SEARCH_PATHS = (
					"$(inherited)",
					"@executable_path/Frameworks",
				);
				MARKETING_VERSION = 1.0;
				PRODUCT_BUNDLE_IDENTIFIER = "Ann-Siroratt.ChitChat";
				PRODUCT_NAME = "$(TARGET_NAME)";
				SWIFT_EMIT_LOC_STRINGS = YES;
				SWIFT_VERSION = 5.0;
				TARGETED_DEVICE_FAMILY = "1,2";
			};
			name = Debug;
		};
		BB70D2DD279C537B00F7DB0A /* Release */ = {
			isa = XCBuildConfiguration;
			buildSettings = {
				ASSETCATALOG_COMPILER_APPICON_NAME = AppIcon;
				ASSETCATALOG_COMPILER_GLOBAL_ACCENT_COLOR_NAME = AccentColor;
				CODE_SIGN_STYLE = Automatic;
				CURRENT_PROJECT_VERSION = 1;
				DEVELOPMENT_ASSET_PATHS = "\"ChitChat/Preview Content\"";
				DEVELOPMENT_TEAM = K9N3ERF77J;
				ENABLE_PREVIEWS = YES;
				GENERATE_INFOPLIST_FILE = YES;
				INFOPLIST_KEY_UIApplicationSceneManifest_Generation = YES;
				INFOPLIST_KEY_UIApplicationSupportsIndirectInputEvents = YES;
				INFOPLIST_KEY_UILaunchScreen_Generation = YES;
				INFOPLIST_KEY_UISupportedInterfaceOrientations_iPad = "UIInterfaceOrientationPortrait UIInterfaceOrientationPortraitUpsideDown UIInterfaceOrientationLandscapeLeft UIInterfaceOrientationLandscapeRight";
				INFOPLIST_KEY_UISupportedInterfaceOrientations_iPhone = "UIInterfaceOrientationPortrait UIInterfaceOrientationLandscapeLeft UIInterfaceOrientationLandscapeRight";
				LD_RUNPATH_SEARCH_PATHS = (
					"$(inherited)",
					"@executable_path/Frameworks",
				);
				MARKETING_VERSION = 1.0;
				PRODUCT_BUNDLE_IDENTIFIER = "Ann-Siroratt.ChitChat";
				PRODUCT_NAME = "$(TARGET_NAME)";
				SWIFT_EMIT_LOC_STRINGS = YES;
				SWIFT_VERSION = 5.0;
				TARGETED_DEVICE_FAMILY = "1,2";
			};
			name = Release;
		};
		BB70D2DF279C537B00F7DB0A /* Debug */ = {
			isa = XCBuildConfiguration;
			buildSettings = {
				ALWAYS_EMBED_SWIFT_STANDARD_LIBRARIES = YES;
				BUNDLE_LOADER = "$(TEST_HOST)";
				CODE_SIGN_STYLE = Automatic;
				CURRENT_PROJECT_VERSION = 1;
				DEVELOPMENT_TEAM = K9N3ERF77J;
				GENERATE_INFOPLIST_FILE = YES;
				IPHONEOS_DEPLOYMENT_TARGET = 15.2;
				MARKETING_VERSION = 1.0;
				PRODUCT_BUNDLE_IDENTIFIER = "Ann-Siroratt.ChitChatTests";
				PRODUCT_NAME = "$(TARGET_NAME)";
				SWIFT_EMIT_LOC_STRINGS = NO;
				SWIFT_VERSION = 5.0;
				TARGETED_DEVICE_FAMILY = "1,2";
				TEST_HOST = "$(BUILT_PRODUCTS_DIR)/ChitChat.app/ChitChat";
			};
			name = Debug;
		};
		BB70D2E0279C537B00F7DB0A /* Release */ = {
			isa = XCBuildConfiguration;
			buildSettings = {
				ALWAYS_EMBED_SWIFT_STANDARD_LIBRARIES = YES;
				BUNDLE_LOADER = "$(TEST_HOST)";
				CODE_SIGN_STYLE = Automatic;
				CURRENT_PROJECT_VERSION = 1;
				DEVELOPMENT_TEAM = K9N3ERF77J;
				GENERATE_INFOPLIST_FILE = YES;
				IPHONEOS_DEPLOYMENT_TARGET = 15.2;
				MARKETING_VERSION = 1.0;
				PRODUCT_BUNDLE_IDENTIFIER = "Ann-Siroratt.ChitChatTests";
				PRODUCT_NAME = "$(TARGET_NAME)";
				SWIFT_EMIT_LOC_STRINGS = NO;
				SWIFT_VERSION = 5.0;
				TARGETED_DEVICE_FAMILY = "1,2";
				TEST_HOST = "$(BUILT_PRODUCTS_DIR)/ChitChat.app/ChitChat";
			};
			name = Release;
		};
		BB70D2E2279C537B00F7DB0A /* Debug */ = {
			isa = XCBuildConfiguration;
			buildSettings = {
				ALWAYS_EMBED_SWIFT_STANDARD_LIBRARIES = YES;
				CODE_SIGN_STYLE = Automatic;
				CURRENT_PROJECT_VERSION = 1;
				DEVELOPMENT_TEAM = K9N3ERF77J;
				GENERATE_INFOPLIST_FILE = YES;
				MARKETING_VERSION = 1.0;
				PRODUCT_BUNDLE_IDENTIFIER = "Ann-Siroratt.ChitChatUITests";
				PRODUCT_NAME = "$(TARGET_NAME)";
				SWIFT_EMIT_LOC_STRINGS = NO;
				SWIFT_VERSION = 5.0;
				TARGETED_DEVICE_FAMILY = "1,2";
				TEST_TARGET_NAME = ChitChat;
			};
			name = Debug;
		};
		BB70D2E3279C537B00F7DB0A /* Release */ = {
			isa = XCBuildConfiguration;
			buildSettings = {
				ALWAYS_EMBED_SWIFT_STANDARD_LIBRARIES = YES;
				CODE_SIGN_STYLE = Automatic;
				CURRENT_PROJECT_VERSION = 1;
				DEVELOPMENT_TEAM = K9N3ERF77J;
				GENERATE_INFOPLIST_FILE = YES;
				MARKETING_VERSION = 1.0;
				PRODUCT_BUNDLE_IDENTIFIER = "Ann-Siroratt.ChitChatUITests";
				PRODUCT_NAME = "$(TARGET_NAME)";
				SWIFT_EMIT_LOC_STRINGS = NO;
				SWIFT_VERSION = 5.0;
				TARGETED_DEVICE_FAMILY = "1,2";
				TEST_TARGET_NAME = ChitChat;
			};
			name = Release;
		};
/* End XCBuildConfiguration section */

/* Begin XCConfigurationList section */
		BB70D2B2279C537800F7DB0A /* Build configuration list for PBXProject "ChitChat" */ = {
			isa = XCConfigurationList;
			buildConfigurations = (
				BB70D2D9279C537B00F7DB0A /* Debug */,
				BB70D2DA279C537B00F7DB0A /* Release */,
			);
			defaultConfigurationIsVisible = 0;
			defaultConfigurationName = Release;
		};
		BB70D2DB279C537B00F7DB0A /* Build configuration list for PBXNativeTarget "ChitChat" */ = {
			isa = XCConfigurationList;
			buildConfigurations = (
				BB70D2DC279C537B00F7DB0A /* Debug */,
				BB70D2DD279C537B00F7DB0A /* Release */,
			);
			defaultConfigurationIsVisible = 0;
			defaultConfigurationName = Release;
		};
		BB70D2DE279C537B00F7DB0A /* Build configuration list for PBXNativeTarget "ChitChatTests" */ = {
			isa = XCConfigurationList;
			buildConfigurations = (
				BB70D2DF279C537B00F7DB0A /* Debug */,
				BB70D2E0279C537B00F7DB0A /* Release */,
			);
			defaultConfigurationIsVisible = 0;
			defaultConfigurationName = Release;
		};
		BB70D2E1279C537B00F7DB0A /* Build configuration list for PBXNativeTarget "ChitChatUITests" */ = {
			isa = XCConfigurationList;
			buildConfigurations = (
				BB70D2E2279C537B00F7DB0A /* Debug */,
				BB70D2E3279C537B00F7DB0A /* Release */,
			);
			defaultConfigurationIsVisible = 0;
			defaultConfigurationName = Release;
		};
/* End XCConfigurationList section */

/* Begin XCRemoteSwiftPackageReference section */
		BB70D2EA279C631400F7DB0A /* XCRemoteSwiftPackageReference "firebase-ios-sdk" */ = {
			isa = XCRemoteSwiftPackageReference;
			repositoryURL = "https://github.com/firebase/firebase-ios-sdk";
			requirement = {
				kind = upToNextMajorVersion;
				minimumVersion = 8.0.0;
			};
		};
		BB70D2FB279DB19100F7DB0A /* XCRemoteSwiftPackageReference "SDWebImageSwiftUI" */ = {
			isa = XCRemoteSwiftPackageReference;
			repositoryURL = "https://github.com/SDWebImage/SDWebImageSwiftUI";
			requirement = {
				kind = upToNextMajorVersion;
				minimumVersion = 2.0.0;
			};
		};
/* End XCRemoteSwiftPackageReference section */

/* Begin XCSwiftPackageProductDependency section */
		BB70D2EB279C631400F7DB0A /* FirebaseAuth */ = {
			isa = XCSwiftPackageProductDependency;
			package = BB70D2EA279C631400F7DB0A /* XCRemoteSwiftPackageReference "firebase-ios-sdk" */;
			productName = FirebaseAuth;
		};
		BB70D2ED279C631400F7DB0A /* FirebaseFirestore */ = {
			isa = XCSwiftPackageProductDependency;
			package = BB70D2EA279C631400F7DB0A /* XCRemoteSwiftPackageReference "firebase-ios-sdk" */;
			productName = FirebaseFirestore;
		};
		BB70D2EF279C631400F7DB0A /* FirebaseFirestoreSwift-Beta */ = {
			isa = XCSwiftPackageProductDependency;
			package = BB70D2EA279C631400F7DB0A /* XCRemoteSwiftPackageReference "firebase-ios-sdk" */;
			productName = "FirebaseFirestoreSwift-Beta";
		};
		BB70D2F1279C631400F7DB0A /* FirebaseStorage */ = {
			isa = XCSwiftPackageProductDependency;
			package = BB70D2EA279C631400F7DB0A /* XCRemoteSwiftPackageReference "firebase-ios-sdk" */;
			productName = FirebaseStorage;
		};
		BB70D2FC279DB19100F7DB0A /* SDWebImageSwiftUI */ = {
			isa = XCSwiftPackageProductDependency;
			package = BB70D2FB279DB19100F7DB0A /* XCRemoteSwiftPackageReference "SDWebImageSwiftUI" */;
			productName = SDWebImageSwiftUI;
		};
/* End XCSwiftPackageProductDependency section */
	};
	rootObject = BB70D2AF279C537800F7DB0A /* Project object */;
}
